
Microsoft Visual Studio Solution File, Format Version 12.00
# Visual Studio Version 17
VisualStudioVersion = 17.1.32319.34
MinimumVisualStudioVersion = 10.0.40219.1
Project("{2150E333-8FDC-42A3-9474-1A3956D46DE8}") = "Solution Items", "Solution Items", "{B0923F22-AF00-46DA-B5CE-73F4D398DE37}"
	ProjectSection(SolutionItems) = preProject
		.editorconfig = .editorconfig
		.gitignore = .gitignore
		dBASE.md = dBASE.md
		README.md = README.md
	EndProjectSection
EndProject
Project("{9A19103F-16F7-4668-BE54-9A1E7A4F7556}") = "NetTopologySuite.IO.Esri.Shapefile", "src\NetTopologySuite.IO.Esri.Shapefile\NetTopologySuite.IO.Esri.Shapefile.csproj", "{6E95BC91-8066-4420-B61F-854DE5F3A746}"
EndProject
Project("{FAE04EC0-301F-11D3-BF4B-00C04F79EFBC}") = "NetTopologySuite.IO.Esri.TestConsole", "test\NetTopologySuite.IO.Esri.TestConsole\NetTopologySuite.IO.Esri.TestConsole.csproj", "{AA37EFC6-737F-4E8A-A79C-2D179C1B38EC}"
EndProject
Project("{2150E333-8FDC-42A3-9474-1A3956D46DE8}") = "Test", "Test", "{800A3D3F-D350-4AAF-89F2-CBA8C0D54862}"
EndProject
Project("{2150E333-8FDC-42A3-9474-1A3956D46DE8}") = "Src", "Src", "{FDC792AB-D6EB-4963-A3F5-1D7A11AA47FC}"
EndProject
Project("{9A19103F-16F7-4668-BE54-9A1E7A4F7556}") = "NetTopologySuite.IO.Esri.Test", "test\NetTopologySuite.IO.Esri.Test\NetTopologySuite.IO.Esri.Test.csproj", "{64B2B87A-EFA0-4BEA-B5D8-7EA989630D68}"
EndProject
Project("{FAE04EC0-301F-11D3-BF4B-00C04F79EFBC}") = "NetTopologySuite.IO.Esri.TestConsole", "src\NetTopologySuite.IO.Esri.TestConsole\NetTopologySuite.IO.Esri.TestConsole.csproj", "{6CA37E35-5648-474F-B813-00884186B50F}"
EndProject
Global
	GlobalSection(SolutionConfigurationPlatforms) = preSolution
		Debug|Any CPU = Debug|Any CPU
		Release|Any CPU = Release|Any CPU
	EndGlobalSection
	GlobalSection(ProjectConfigurationPlatforms) = postSolution
		{6E95BC91-8066-4420-B61F-854DE5F3A746}.Debug|Any CPU.ActiveCfg = Debug|Any CPU
		{6E95BC91-8066-4420-B61F-854DE5F3A746}.Debug|Any CPU.Build.0 = Debug|Any CPU
		{6E95BC91-8066-4420-B61F-854DE5F3A746}.Release|Any CPU.ActiveCfg = Release|Any CPU
		{6E95BC91-8066-4420-B61F-854DE5F3A746}.Release|Any CPU.Build.0 = Release|Any CPU
		{AA37EFC6-737F-4E8A-A79C-2D179C1B38EC}.Debug|Any CPU.ActiveCfg = Debug|Any CPU
		{AA37EFC6-737F-4E8A-A79C-2D179C1B38EC}.Debug|Any CPU.Build.0 = Debug|Any CPU
		{AA37EFC6-737F-4E8A-A79C-2D179C1B38EC}.Release|Any CPU.ActiveCfg = Release|Any CPU
		{AA37EFC6-737F-4E8A-A79C-2D179C1B38EC}.Release|Any CPU.Build.0 = Release|Any CPU
		{64B2B87A-EFA0-4BEA-B5D8-7EA989630D68}.Debug|Any CPU.ActiveCfg = Debug|Any CPU
		{64B2B87A-EFA0-4BEA-B5D8-7EA989630D68}.Debug|Any CPU.Build.0 = Debug|Any CPU
		{64B2B87A-EFA0-4BEA-B5D8-7EA989630D68}.Release|Any CPU.ActiveCfg = Release|Any CPU
		{64B2B87A-EFA0-4BEA-B5D8-7EA989630D68}.Release|Any CPU.Build.0 = Release|Any CPU
		{6CA37E35-5648-474F-B813-00884186B50F}.Debug|Any CPU.ActiveCfg = Debug|Any CPU
		{6CA37E35-5648-474F-B813-00884186B50F}.Debug|Any CPU.Build.0 = Debug|Any CPU
		{6CA37E35-5648-474F-B813-00884186B50F}.Release|Any CPU.ActiveCfg = Release|Any CPU
		{6CA37E35-5648-474F-B813-00884186B50F}.Release|Any CPU.Build.0 = Release|Any CPU
	EndGlobalSection
	GlobalSection(SolutionProperties) = preSolution
		HideSolutionNode = FALSE
	EndGlobalSection
	GlobalSection(NestedProjects) = preSolution
		{6E95BC91-8066-4420-B61F-854DE5F3A746} = {FDC792AB-D6EB-4963-A3F5-1D7A11AA47FC}
		{AA37EFC6-737F-4E8A-A79C-2D179C1B38EC} = {800A3D3F-D350-4AAF-89F2-CBA8C0D54862}
		{64B2B87A-EFA0-4BEA-B5D8-7EA989630D68} = {800A3D3F-D350-4AAF-89F2-CBA8C0D54862}
		{6CA37E35-5648-474F-B813-00884186B50F} = {FDC792AB-D6EB-4963-A3F5-1D7A11AA47FC}
	EndGlobalSection
	GlobalSection(ExtensibilityGlobals) = postSolution
		SolutionGuid = {06DEE0C5-480C-4A70-BC80-3791D98E6A89}
	EndGlobalSection
EndGlobal
